
Microsoft Visual Studio Solution File, Format Version 12.00
# Visual Studio Version 17
VisualStudioVersion = 17.10.35013.160
MinimumVisualStudioVersion = 10.0.40219.1
Project("{FAE04EC0-301F-11D3-BF4B-00C04F79EFBC}") = "ProductApi.Application", "ProductApi.Application\ProductApi.Application.csproj", "{9BE0A18A-C005-4A52-8213-F7B6612CBC61}"
EndProject
Project("{FAE04EC0-301F-11D3-BF4B-00C04F79EFBC}") = "productApi.Domain", "productApi.Domain\productApi.Domain.csproj", "{59E2043A-9A27-4F6B-9638-F01B00F44084}"
EndProject
Project("{FAE04EC0-301F-11D3-BF4B-00C04F79EFBC}") = "ProductApi.Infrastructure", "ProductApi.Infrastructure\ProductApi.Infrastructure.csproj", "{ADE013C7-76B3-4B24-B2A6-103BA3C0A629}"
EndProject
Project("{FAE04EC0-301F-11D3-BF4B-00C04F79EFBC}") = "ProductApi.Presentation", "ProductApi.Presentation\ProductApi.Presentation.csproj", "{3862E7F7-9091-4538-A84F-FA7C155DC0C7}"
EndProject
Project("{9A19103F-16F7-4668-BE54-9A1E7A4F7556}") = "eCommmerce.SharedLibrary", "..\DemoEcommerce.SharedLibrarySolution\eCommmerce.SharedLibrary\eCommmerce.SharedLibrary.csproj", "{C5A033DB-585B-43CE-9273-B3D205C7963B}"
EndProject
Global
	GlobalSection(SolutionConfigurationPlatforms) = preSolution
		Debug|Any CPU = Debug|Any CPU
		Release|Any CPU = Release|Any CPU
	EndGlobalSection
	GlobalSection(ProjectConfigurationPlatforms) = postSolution
		{9BE0A18A-C005-4A52-8213-F7B6612CBC61}.Debug|Any CPU.ActiveCfg = Debug|Any CPU
		{9BE0A18A-C005-4A52-8213-F7B6612CBC61}.Debug|Any CPU.Build.0 = Debug|Any CPU
		{9BE0A18A-C005-4A52-8213-F7B6612CBC61}.Release|Any CPU.ActiveCfg = Release|Any CPU
		{9BE0A18A-C005-4A52-8213-F7B6612CBC61}.Release|Any CPU.Build.0 = Release|Any CPU
		{59E2043A-9A27-4F6B-9638-F01B00F44084}.Debug|Any CPU.ActiveCfg = Debug|Any CPU
		{59E2043A-9A27-4F6B-9638-F01B00F44084}.Debug|Any CPU.Build.0 = Debug|Any CPU
		{59E2043A-9A27-4F6B-9638-F01B00F44084}.Release|Any CPU.ActiveCfg = Release|Any CPU
		{59E2043A-9A27-4F6B-9638-F01B00F44084}.Release|Any CPU.Build.0 = Release|Any CPU
		{ADE013C7-76B3-4B24-B2A6-103BA3C0A629}.Debug|Any CPU.ActiveCfg = Debug|Any CPU
		{ADE013C7-76B3-4B24-B2A6-103BA3C0A629}.Debug|Any CPU.Build.0 = Debug|Any CPU
		{ADE013C7-76B3-4B24-B2A6-103BA3C0A629}.Release|Any CPU.ActiveCfg = Release|Any CPU
		{ADE013C7-76B3-4B24-B2A6-103BA3C0A629}.Release|Any CPU.Build.0 = Release|Any CPU
		{3862E7F7-9091-4538-A84F-FA7C155DC0C7}.Debug|Any CPU.ActiveCfg = Debug|Any CPU
		{3862E7F7-9091-4538-A84F-FA7C155DC0C7}.Debug|Any CPU.Build.0 = Debug|Any CPU
		{3862E7F7-9091-4538-A84F-FA7C155DC0C7}.Release|Any CPU.ActiveCfg = Release|Any CPU
		{3862E7F7-9091-4538-A84F-FA7C155DC0C7}.Release|Any CPU.Build.0 = Release|Any CPU
		{C5A033DB-585B-43CE-9273-B3D205C7963B}.Debug|Any CPU.ActiveCfg = Debug|Any CPU
		{C5A033DB-585B-43CE-9273-B3D205C7963B}.Debug|Any CPU.Build.0 = Debug|Any CPU
		{C5A033DB-585B-43CE-9273-B3D205C7963B}.Release|Any CPU.ActiveCfg = Release|Any CPU
		{C5A033DB-585B-43CE-9273-B3D205C7963B}.Release|Any CPU.Build.0 = Release|Any CPU
	EndGlobalSection
	GlobalSection(SolutionProperties) = preSolution
		HideSolutionNode = FALSE
	EndGlobalSection
	GlobalSection(ExtensibilityGlobals) = postSolution
		SolutionGuid = {087A1F09-709C-4224-A4CF-1002F1737024}
	EndGlobalSection
EndGlobal
